
Microsoft Visual Studio Solution File, Format Version 12.00
# Visual Studio 15
VisualStudioVersion = 15.0.27428.2015
MinimumVisualStudioVersion = 10.0.40219.1
Project("{FAE04EC0-301F-11D3-BF4B-00C04F79EFBC}") = "ElevenNote.Web", "ElevenNote.Web\ElevenNote.Web.csproj", "{F52FCE80-F6B4-4D6D-9A46-DAEE1D57CB67}"
EndProject
Project("{FAE04EC0-301F-11D3-BF4B-00C04F79EFBC}") = "ElevenNote.Services", "ElevenNote.Services\ElevenNote.Services.csproj", "{A182979E-193A-48D0-997C-CF9B220F8F16}"
EndProject
Project("{FAE04EC0-301F-11D3-BF4B-00C04F79EFBC}") = "ElevenNote.Models", "ElevenNote.Models\ElevenNote.Models.csproj", "{A881A19F-0C4A-40C3-903E-CF5D107EF54E}"
EndProject
Project("{FAE04EC0-301F-11D3-BF4B-00C04F79EFBC}") = "ElevenNote.Data", "ElevenNote.Data\ElevenNote.Data.csproj", "{51DEAF55-489A-49BB-AE4A-19BBC90A663C}"
EndProject
Global
	GlobalSection(SolutionConfigurationPlatforms) = preSolution
		Debug|Any CPU = Debug|Any CPU
		Release|Any CPU = Release|Any CPU
	EndGlobalSection
	GlobalSection(ProjectConfigurationPlatforms) = postSolution
		{F52FCE80-F6B4-4D6D-9A46-DAEE1D57CB67}.Debug|Any CPU.ActiveCfg = Debug|Any CPU
		{F52FCE80-F6B4-4D6D-9A46-DAEE1D57CB67}.Debug|Any CPU.Build.0 = Debug|Any CPU
		{F52FCE80-F6B4-4D6D-9A46-DAEE1D57CB67}.Release|Any CPU.ActiveCfg = Release|Any CPU
		{F52FCE80-F6B4-4D6D-9A46-DAEE1D57CB67}.Release|Any CPU.Build.0 = Release|Any CPU
		{A182979E-193A-48D0-997C-CF9B220F8F16}.Debug|Any CPU.ActiveCfg = Debug|Any CPU
		{A182979E-193A-48D0-997C-CF9B220F8F16}.Debug|Any CPU.Build.0 = Debug|Any CPU
		{A182979E-193A-48D0-997C-CF9B220F8F16}.Release|Any CPU.ActiveCfg = Release|Any CPU
		{A182979E-193A-48D0-997C-CF9B220F8F16}.Release|Any CPU.Build.0 = Release|Any CPU
		{A881A19F-0C4A-40C3-903E-CF5D107EF54E}.Debug|Any CPU.ActiveCfg = Debug|Any CPU
		{A881A19F-0C4A-40C3-903E-CF5D107EF54E}.Debug|Any CPU.Build.0 = Debug|Any CPU
		{A881A19F-0C4A-40C3-903E-CF5D107EF54E}.Release|Any CPU.ActiveCfg = Release|Any CPU
		{A881A19F-0C4A-40C3-903E-CF5D107EF54E}.Release|Any CPU.Build.0 = Release|Any CPU
		{51DEAF55-489A-49BB-AE4A-19BBC90A663C}.Debug|Any CPU.ActiveCfg = Debug|Any CPU
		{51DEAF55-489A-49BB-AE4A-19BBC90A663C}.Debug|Any CPU.Build.0 = Debug|Any CPU
		{51DEAF55-489A-49BB-AE4A-19BBC90A663C}.Release|Any CPU.ActiveCfg = Release|Any CPU
		{51DEAF55-489A-49BB-AE4A-19BBC90A663C}.Release|Any CPU.Build.0 = Release|Any CPU
	EndGlobalSection
	GlobalSection(SolutionProperties) = preSolution
		HideSolutionNode = FALSE
	EndGlobalSection
	GlobalSection(ExtensibilityGlobals) = postSolution
		SolutionGuid = {C3DA9EA4-65AB-4BB0-91F9-80BFA304D294}
	EndGlobalSection
EndGlobal
